// !$*UTF8*$!
{
	archiveVersion = 1;
	classes = {
	};
	objectVersion = 46;
	objects = {

/* Begin PBXBuildFile section */
		F1CBF6601F2DD2330078DF62 /* main.m in Sources */ = {isa = PBXBuildFile; fileRef = F1CBF65F1F2DD2330078DF62 /* main.m */; };
		F1CBF6631F2DD2330078DF62 /* AppDelegate.m in Sources */ = {isa = PBXBuildFile; fileRef = F1CBF6621F2DD2330078DF62 /* AppDelegate.m */; };
		F1CBF6661F2DD2330078DF62 /* ViewController.m in Sources */ = {isa = PBXBuildFile; fileRef = F1CBF6651F2DD2330078DF62 /* ViewController.m */; };
		F1CBF6691F2DD2330078DF62 /* Main.storyboard in Resources */ = {isa = PBXBuildFile; fileRef = F1CBF6671F2DD2330078DF62 /* Main.storyboard */; };
		F1CBF66B1F2DD2330078DF62 /* Assets.xcassets in Resources */ = {isa = PBXBuildFile; fileRef = F1CBF66A1F2DD2330078DF62 /* Assets.xcassets */; };
		F1CBF66E1F2DD2330078DF62 /* LaunchScreen.storyboard in Resources */ = {isa = PBXBuildFile; fileRef = F1CBF66C1F2DD2330078DF62 /* LaunchScreen.storyboard */; };
		F1CBF67A1F2E051F0078DF62 /* NecfolSlider.m in Sources */ = {isa = PBXBuildFile; fileRef = F1CBF6791F2E051F0078DF62 /* NecfolSlider.m */; };
/* End PBXBuildFile section */

/* Begin PBXFileReference section */
		F1CBF65B1F2DD2330078DF62 /* slide.app */ = {isa = PBXFileReference; explicitFileType = wrapper.application; includeInIndex = 0; path = slide.app; sourceTree = BUILT_PRODUCTS_DIR; };
		F1CBF65F1F2DD2330078DF62 /* main.m */ = {isa = PBXFileReference; lastKnownFileType = sourcecode.c.objc; path = main.m; sourceTree = "<group>"; };
		F1CBF6611F2DD2330078DF62 /* AppDelegate.h */ = {isa = PBXFileReference; lastKnownFileType = sourcecode.c.h; path = AppDelegate.h; sourceTree = "<group>"; };
		F1CBF6621F2DD2330078DF62 /* AppDelegate.m */ = {isa = PBXFileReference; lastKnownFileType = sourcecode.c.objc; path = AppDelegate.m; sourceTree = "<group>"; };
		F1CBF6641F2DD2330078DF62 /* ViewController.h */ = {isa = PBXFileReference; lastKnownFileType = sourcecode.c.h; path = ViewController.h; sourceTree = "<group>"; };
		F1CBF6651F2DD2330078DF62 /* ViewController.m */ = {isa = PBXFileReference; lastKnownFileType = sourcecode.c.objc; path = ViewController.m; sourceTree = "<group>"; };
		F1CBF6681F2DD2330078DF62 /* Base */ = {isa = PBXFileReference; lastKnownFileType = file.storyboard; name = Base; path = Base.lproj/Main.storyboard; sourceTree = "<group>"; };
		F1CBF66A1F2DD2330078DF62 /* Assets.xcassets */ = {isa = PBXFileReference; lastKnownFileType = folder.assetcatalog; path = Assets.xcassets; sourceTree = "<group>"; };
		F1CBF66D1F2DD2330078DF62 /* Base */ = {isa = PBXFileReference; lastKnownFileType = file.storyboard; name = Base; path = Base.lproj/LaunchScreen.storyboard; sourceTree = "<group>"; };
		F1CBF66F1F2DD2330078DF62 /* Info.plist */ = {isa = PBXFileReference; lastKnownFileType = text.plist.xml; path = Info.plist; sourceTree = "<group>"; };
		F1CBF6781F2E051F0078DF62 /* NecfolSlider.h */ = {isa = PBXFileReference; fileEncoding = 4; lastKnownFileType = sourcecode.c.h; path = NecfolSlider.h; sourceTree = "<group>"; };
		F1CBF6791F2E051F0078DF62 /* NecfolSlider.m */ = {isa = PBXFileReference; fileEncoding = 4; lastKnownFileType = sourcecode.c.objc; path = NecfolSlider.m; sourceTree = "<group>"; };
/* End PBXFileReference section */

/* Begin PBXFrameworksBuildPhase section */
		F1CBF6581F2DD2330078DF62 /* Frameworks */ = {
			isa = PBXFrameworksBuildPhase;
			buildActionMask = 2147483647;
			files = (
			);
			runOnlyForDeploymentPostprocessing = 0;
		};
/* End PBXFrameworksBuildPhase section */

/* Begin PBXGroup section */
		F1CBF6521F2DD2330078DF62 = {
			isa = PBXGroup;
			children = (
				F1CBF65D1F2DD2330078DF62 /* slide */,
				F1CBF65C1F2DD2330078DF62 /* Products */,
			);
			sourceTree = "<group>";
		};
		F1CBF65C1F2DD2330078DF62 /* Products */ = {
			isa = PBXGroup;
			children = (
				F1CBF65B1F2DD2330078DF62 /* slide.app */,
			);
			name = Products;
			sourceTree = "<group>";
		};
		F1CBF65D1F2DD2330078DF62 /* slide */ = {
			isa = PBXGroup;
			children = (
				F1CBF6611F2DD2330078DF62 /* AppDelegate.h */,
				F1CBF6621F2DD2330078DF62 /* AppDelegate.m */,
				F1CBF6641F2DD2330078DF62 /* ViewController.h */,
				F1CBF6651F2DD2330078DF62 /* ViewController.m */,
				F1CBF6671F2DD2330078DF62 /* Main.storyboard */,
				F1CBF66A1F2DD2330078DF62 /* Assets.xcassets */,
				F1CBF66C1F2DD2330078DF62 /* LaunchScreen.storyboard */,
				F1CBF66F1F2DD2330078DF62 /* Info.plist */,
				F1CBF65E1F2DD2330078DF62 /* Supporting Files */,
				F1CBF6781F2E051F0078DF62 /* NecfolSlider.h */,
				F1CBF6791F2E051F0078DF62 /* NecfolSlider.m */,
			);
			path = slide;
			sourceTree = "<group>";
		};
		F1CBF65E1F2DD2330078DF62 /* Supporting Files */ = {
			isa = PBXGroup;
			children = (
				F1CBF65F1F2DD2330078DF62 /* main.m */,
			);
			name = "Supporting Files";
			sourceTree = "<group>";
		};
/* End PBXGroup section */

/* Begin PBXNativeTarget section */
		F1CBF65A1F2DD2330078DF62 /* slide */ = {
			isa = PBXNativeTarget;
			buildConfigurationList = F1CBF6721F2DD2330078DF62 /* Build configuration list for PBXNativeTarget "slide" */;
			buildPhases = (
				F1CBF6571F2DD2330078DF62 /* Sources */,
				F1CBF6581F2DD2330078DF62 /* Frameworks */,
				F1CBF6591F2DD2330078DF62 /* Resources */,
			);
			buildRules = (
			);
			dependencies = (
			);
			name = slide;
			productName = slide;
			productReference = F1CBF65B1F2DD2330078DF62 /* slide.app */;
			productType = "com.apple.product-type.application";
		};
/* End PBXNativeTarget section */

/* Begin PBXProject section */
		F1CBF6531F2DD2330078DF62 /* Project object */ = {
			isa = PBXProject;
			attributes = {
				CLASSPREFIX = Necfol;
				LastUpgradeCheck = 0830;
				ORGANIZATIONNAME = Necfol;
				TargetAttributes = {
					F1CBF65A1F2DD2330078DF62 = {
						CreatedOnToolsVersion = 8.3.3;
						ProvisioningStyle = Automatic;
					};
				};
			};
			buildConfigurationList = F1CBF6561F2DD2330078DF62 /* Build configuration list for PBXProject "slide" */;
			compatibilityVersion = "Xcode 3.2";
			developmentRegion = English;
			hasScannedForEncodings = 0;
			knownRegions = (
				en,
				Base,
			);
			mainGroup = F1CBF6521F2DD2330078DF62;
			productRefGroup = F1CBF65C1F2DD2330078DF62 /* Products */;
			projectDirPath = "";
			projectRoot = "";
			targets = (
				F1CBF65A1F2DD2330078DF62 /* slide */,
			);
		};
/* End PBXProject section */

/* Begin PBXResourcesBuildPhase section */
		F1CBF6591F2DD2330078DF62 /* Resources */ = {
			isa = PBXResourcesBuildPhase;
			buildActionMask = 2147483647;
			files = (
				F1CBF66E1F2DD2330078DF62 /* LaunchScreen.storyboard in Resources */,
				F1CBF66B1F2DD2330078DF62 /* Assets.xcassets in Resources */,
				F1CBF6691F2DD2330078DF62 /* Main.storyboard in Resources */,
			);
			runOnlyForDeploymentPostprocessing = 0;
		};
/* End PBXResourcesBuildPhase section */

/* Begin PBXSourcesBuildPhase section */
		F1CBF6571F2DD2330078DF62 /* Sources */ = {
			isa = PBXSourcesBuildPhase;
			buildActionMask = 2147483647;
			files = (
				F1CBF6661F2DD2330078DF62 /* ViewController.m in Sources */,
				F1CBF6631F2DD2330078DF62 /* AppDelegate.m in Sources */,
				F1CBF6601F2DD2330078DF62 /* main.m in Sources */,
				F1CBF67A1F2E051F0078DF62 /* NecfolSlider.m in Sources */,
			);
			runOnlyForDeploymentPostprocessing = 0;
		};
/* End PBXSourcesBuildPhase section */

/* Begin PBXVariantGroup section */
		F1CBF6671F2DD2330078DF62 /* Main.storyboard */ = {
			isa = PBXVariantGroup;
			children = (
				F1CBF6681F2DD2330078DF62 /* Base */,
			);
			name = Main.storyboard;
			sourceTree = "<group>";
		};
		F1CBF66C1F2DD2330078DF62 /* LaunchScreen.storyboard */ = {
			isa = PBXVariantGroup;
			children = (
				F1CBF66D1F2DD2330078DF62 /* Base */,
			);
			name = LaunchScreen.storyboard;
			sourceTree = "<group>";
		};
/* End PBXVariantGroup section */

/* Begin XCBuildConfiguration section */
		F1CBF6701F2DD2330078DF62 /* Debug */ = {
			isa = XCBuildConfiguration;
			buildSettings = {
				ALWAYS_SEARCH_USER_PATHS = NO;
				CLANG_ANALYZER_NONNULL = YES;
				CLANG_ANALYZER_NUMBER_OBJECT_CONVERSION = YES_AGGRESSIVE;
				CLANG_CXX_LANGUAGE_STANDARD = "gnu++0x";
				CLANG_CXX_LIBRARY = "libc++";
				CLANG_ENABLE_MODULES = YES;
				CLANG_ENABLE_OBJC_ARC = YES;
				CLANG_WARN_BOOL_CONVERSION = YES;
				CLANG_WARN_CONSTANT_CONVERSION = YES;
				CLANG_WARN_DIRECT_OBJC_ISA_USAGE = YES_ERROR;
				CLANG_WARN_DOCUMENTATION_COMMENTS = YES;
				CLANG_WARN_EMPTY_BODY = YES;
				CLANG_WARN_ENUM_CONVERSION = YES;
				CLANG_WARN_INFINITE_RECURSION = YES;
				CLANG_WARN_INT_CONVERSION = YES;
				CLANG_WARN_OBJC_ROOT_CLASS = YES_ERROR;
				CLANG_WARN_SUSPICIOUS_MOVE = YES;
				CLANG_WARN_UNREACHABLE_CODE = YES;
				CLANG_WARN__DUPLICATE_METHOD_MATCH = YES;
				"CODE_SIGN_IDENTITY[sdk=iphoneos*]" = "iPhone Developer";
				COPY_PHASE_STRIP = NO;
				DEBUG_INFORMATION_FORMAT = dwarf;
				ENABLE_STRICT_OBJC_MSGSEND = YES;
				ENABLE_TESTABILITY = YES;
				GCC_C_LANGUAGE_STANDARD = gnu99;
				GCC_DYNAMIC_NO_PIC = NO;
				GCC_NO_COMMON_BLOCKS = YES;
				GCC_OPTIMIZATION_LEVEL = 0;
				GCC_PREPROCESSOR_DEFINITIONS = (
					"DEBUG=1",
					"$(inherited)",
				);
				GCC_WARN_64_TO_32_BIT_CONVERSION = YES;
				GCC_WARN_ABOUT_RETURN_TYPE = YES_ERROR;
				GCC_WARN_UNDECLARED_SELECTOR = YES;
				GCC_WARN_UNINITIALIZED_AUTOS = YES_AGGRESSIVE;
				GCC_WARN_UNUSED_FUNCTION = YES;
				GCC_WARN_UNUSED_VARIABLE = YES;
				IPHONEOS_DEPLOYMENT_TARGET = 10.3;
				MTL_ENABLE_DEBUG_INFO = YES;
				ONLY_ACTIVE_ARCH = YES;
				SDKROOT = iphoneos;
			};
			name = Debug;
		};
		F1CBF6711F2DD2330078DF62 /* Release */ = {
			isa = XCBuildConfiguration;
			buildSettings = {
				ALWAYS_SEARCH_USER_PATHS = NO;
				CLANG_ANALYZER_NONNULL = YES;
				CLANG_ANALYZER_NUMBER_OBJECT_CONVERSION = YES_AGGRESSIVE;
				CLANG_CXX_LANGUAGE_STANDARD = "gnu++0x";
				CLANG_CXX_LIBRARY = "libc++";
				CLANG_ENABLE_MODULES = YES;
				CLANG_ENABLE_OBJC_ARC = YES;
				CLANG_WARN_BOOL_CONVERSION = YES;
				CLANG_WARN_CONSTANT_CONVERSION = YES;
				CLANG_WARN_DIRECT_OBJC_ISA_USAGE = YES_ERROR;
				CLANG_WARN_DOCUMENTATION_COMMENTS = YES;
				CLANG_WARN_EMPTY_BODY = YES;
				CLANG_WARN_ENUM_CONVERSION = YES;
				CLANG_WARN_INFINITE_RECURSION = YES;
				CLANG_WARN_INT_CONVERSION = YES;
				CLANG_WARN_OBJC_ROOT_CLASS = YES_ERROR;
				CLANG_WARN_SUSPICIOUS_MOVE = YES;
				CLANG_WARN_UNREACHABLE_CODE = YES;
				CLANG_WARN__DUPLICATE_METHOD_MATCH = YES;
				"CODE_SIGN_IDENTITY[sdk=iphoneos*]" = "iPhone Developer";
				COPY_PHASE_STRIP = NO;
				DEBUG_INFORMATION_FORMAT = "dwarf-with-dsym";
				ENABLE_NS_ASSERTIONS = NO;
				ENABLE_STRICT_OBJC_MSGSEND = YES;
				GCC_C_LANGUAGE_STANDARD = gnu99;
				GCC_NO_COMMON_BLOCKS = YES;
				GCC_WARN_64_TO_32_BIT_CONVERSION = YES;
				GCC_WARN_ABOUT_RETURN_TYPE = YES_ERROR;
				GCC_WARN_UNDECLARED_SELECTOR = YES;
				GCC_WARN_UNINITIALIZED_AUTOS = YES_AGGRESSIVE;
				GCC_WARN_UNUSED_FUNCTION = YES;
				GCC_WARN_UNUSED_VARIABLE = YES;
				IPHONEOS_DEPLOYMENT_TARGET = 10.3;
				MTL_ENABLE_DEBUG_INFO = NO;
				SDKROOT = iphoneos;
				VALIDATE_PRODUCT = YES;
			};
			name = Release;
		};
		F1CBF6731F2DD2330078DF62 /* Debug */ = {
			isa = XCBuildConfiguration;
			buildSettings = {
				ASSETCATALOG_COMPILER_APPICON_NAME = AppIcon;
				INFOPLIST_FILE = slide/Info.plist;
				LD_RUNPATH_SEARCH_PATHS = "$(inherited) @executable_path/Frameworks";
				PRODUCT_BUNDLE_IDENTIFIER = com.Necfol.slide;
				PRODUCT_NAME = "$(TARGET_NAME)";
			};
			name = Debug;
		};
		F1CBF6741F2DD2330078DF62 /* Release */ = {
			isa = XCBuildConfiguration;
			buildSettings = {
				ASSETCATALOG_COMPILER_APPICON_NAME = AppIcon;
				INFOPLIST_FILE = slide/Info.plist;
				LD_RUNPATH_SEARCH_PATHS = "$(inherited) @executable_path/Frameworks";
				PRODUCT_BUNDLE_IDENTIFIER = com.Necfol.slide;
				PRODUCT_NAME = "$(TARGET_NAME)";
			};
			name = Release;
		};
/* End XCBuildConfiguration section */

/* Begin XCConfigurationList section */
		F1CBF6561F2DD2330078DF62 /* Build configuration list for PBXProject "slide" */ = {
			isa = XCConfigurationList;
			buildConfigurations = (
				F1CBF6701F2DD2330078DF62 /* Debug */,
				F1CBF6711F2DD2330078DF62 /* Release */,
			);
			defaultConfigurationIsVisible = 0;
			defaultConfigurationName = Release;
		};
		F1CBF6721F2DD2330078DF62 /* Build configuration list for PBXNativeTarget "slide" */ = {
			isa = XCConfigurationList;
			buildConfigurations = (
				F1CBF6731F2DD2330078DF62 /* Debug */,
				F1CBF6741F2DD2330078DF62 /* Release */,
			);
			defaultConfigurationIsVisible = 0;
		};
/* End XCConfigurationList section */
	};
	rootObject = F1CBF6531F2DD2330078DF62 /* Project object */;
}
